# This file was autogenerated by Stack.
# You should not edit this file by hand.
# For more information, please see the documentation at:
#   https://docs.haskellstack.org/en/stable/topics/lock_files

packages:
- completed:
    hackage: hlint-3.6.1@sha256:c77340770bfc5c9b2fc3f77e58181f1ebce2825afcf2b925860751814130914e,4435
    pantry-tree:
      sha256: 03a1279139f88722d7bd284b3cad1b24dbcd98dd165e6fe7422ffc60d1c59ccd
      size: 6163
  original:
    hackage: hlint-3.6.1
- completed:
    hackage: fourmolu-0.14.0.0@sha256:ba97d135f44cd5fb670dd47228ec3c65d3a886cc293a548510671c78c512c240,6755
    pantry-tree:
      sha256: e70f2d81866ac2cb200e8ebc5372186d5bb293e253b4e51fadba2309bb40ed85
      size: 156343
  original:
    hackage: fourmolu-0.14.0.0
snapshots: []
